PODS:
  - LoremIpsum (1.0.0)
  - SIKit (0.1.3)

DEPENDENCIES:
  - LoremIpsum (~> 1.0)
  - SIKit (= 0.1.3)

SPEC CHECKSUMS:
  LoremIpsum: 9029c55d36501b2ee0b05cc9ecda11d3a0479160
  SIKit: 51ca2432e14c465332060b0ca55b99732d8d2355

PODFILE CHECKSUM: 69d9d3adb46aee405776f49cc9d072c2aff73c5d

COCOAPODS: 1.2.0
